
Microsoft Visual Studio Solution File, Format Version 12.00
# Visual Studio Version 17
VisualStudioVersion = 17.3.32819.101
MinimumVisualStudioVersion = 10.0.40219.1
Project("{FAE04EC0-301F-11D3-BF4B-00C04F79EFBC}") = "Artsofte", "Artsofte\Artsofte.csproj", "{4F7EA96E-0496-4DEE-A403-9520045BAE86}"
EndProject
Global
	GlobalSection(SolutionConfigurationPlatforms) = preSolution
		Debug|Any CPU = Debug|Any CPU
		Release|Any CPU = Release|Any CPU
	EndGlobalSection
	GlobalSection(ProjectConfigurationPlatforms) = postSolution
		{4F7EA96E-0496-4DEE-A403-9520045BAE86}.Debug|Any CPU.ActiveCfg = Debug|Any CPU
		{4F7EA96E-0496-4DEE-A403-9520045BAE86}.Debug|Any CPU.Build.0 = Debug|Any CPU
		{4F7EA96E-0496-4DEE-A403-9520045BAE86}.Release|Any CPU.ActiveCfg = Release|Any CPU
		{4F7EA96E-0496-4DEE-A403-9520045BAE86}.Release|Any CPU.Build.0 = Release|Any CPU
	EndGlobalSection
	GlobalSection(SolutionProperties) = preSolution
		HideSolutionNode = FALSE
	EndGlobalSection
	GlobalSection(ExtensibilityGlobals) = postSolution
		SolutionGuid = {8DF3E4C5-A1D3-435C-AD43-9306943D23B8}
	EndGlobalSection
EndGlobal
